
Microsoft Visual Studio Solution File, Format Version 12.00
# Visual Studio Version 16
VisualStudioVersion = 16.0.31911.196
MinimumVisualStudioVersion = 10.0.40219.1
Project("{9A19103F-16F7-4668-BE54-9A1E7A4F7556}") = "GooDDevWebSite", "GooDDevWebSite.csproj", "{31CB9A15-EFB6-4CFF-83B2-512C1ADBD64A}"
EndProject
Global
	GlobalSection(SolutionConfigurationPlatforms) = preSolution
		Debug|Any CPU = Debug|Any CPU
		Release|Any CPU = Release|Any CPU
	EndGlobalSection
	GlobalSection(ProjectConfigurationPlatforms) = postSolution
		{31CB9A15-EFB6-4CFF-83B2-512C1ADBD64A}.Debug|Any CPU.ActiveCfg = Debug|Any CPU
		{31CB9A15-EFB6-4CFF-83B2-512C1ADBD64A}.Debug|Any CPU.Build.0 = Debug|Any CPU
		{31CB9A15-EFB6-4CFF-83B2-512C1ADBD64A}.Release|Any CPU.ActiveCfg = Release|Any CPU
		{31CB9A15-EFB6-4CFF-83B2-512C1ADBD64A}.Release|Any CPU.Build.0 = Release|Any CPU
	EndGlobalSection
	GlobalSection(SolutionProperties) = preSolution
		HideSolutionNode = FALSE
	EndGlobalSection
	GlobalSection(ExtensibilityGlobals) = postSolution
		SolutionGuid = {6F8020FD-3026-4C56-AED0-91999BCA451C}
	EndGlobalSection
EndGlobal
